
Microsoft Visual Studio Solution File, Format Version 12.00
# Visual Studio 15
VisualStudioVersion = 15.0.28307.2092
MinimumVisualStudioVersion = 10.0.40219.1
Project("{FAE04EC0-301F-11D3-BF4B-00C04F79EFBC}") = "DHTS ANA GİRİŞ", "DHTS ANA GİRİŞ\DHTS ANA GİRİŞ.csproj", "{7EB52691-056D-4EDC-BBD1-713A37017589}"
EndProject
Global
	GlobalSection(SolutionConfigurationPlatforms) = preSolution
		Debug|Any CPU = Debug|Any CPU
		Release|Any CPU = Release|Any CPU
	EndGlobalSection
	GlobalSection(ProjectConfigurationPlatforms) = postSolution
		{7EB52691-056D-4EDC-BBD1-713A37017589}.Debug|Any CPU.ActiveCfg = Debug|Any CPU
		{7EB52691-056D-4EDC-BBD1-713A37017589}.Debug|Any CPU.Build.0 = Debug|Any CPU
		{7EB52691-056D-4EDC-BBD1-713A37017589}.Release|Any CPU.ActiveCfg = Release|Any CPU
		{7EB52691-056D-4EDC-BBD1-713A37017589}.Release|Any CPU.Build.0 = Release|Any CPU
	EndGlobalSection
	GlobalSection(SolutionProperties) = preSolution
		HideSolutionNode = FALSE
	EndGlobalSection
	GlobalSection(ExtensibilityGlobals) = postSolution
		SolutionGuid = {CD1CE687-01CF-459C-BE07-86FF5803754E}
	EndGlobalSection
EndGlobal
